{
  "name": "Finish-em",
  "version": "0.6.45",
  "lockfileVersion": 2,
  "requires": true,
  "packages": {
    "": {
      "name": "Finish-em",
      "version": "0.6.45",
      "hasInstallScript": true,
      "license": "MIT",
      "dependencies": {
        "applescript": "^1.0.0",
        "sqlite": "^4.0.23",
        "xcall": "^1.0.4"
      }
    },
    "node_modules/applescript": {
      "version": "1.0.0",
      "resolved": "https://registry.npmjs.org/applescript/-/applescript-1.0.0.tgz",
      "integrity": "sha1-u4evVoytA0pOSMS9r2Bno6JwExc="
    },
    "node_modules/promised-exec": {
      "version": "1.0.1",
      "resolved": "https://registry.npmjs.org/promised-exec/-/promised-exec-1.0.1.tgz",
      "integrity": "sha1-UKEVhXmKyzuG+2E+EDYTMzowlQo=",
      "dependencies": {
        "q": "^1.1.2"
      }
    },
    "node_modules/q": {
      "version": "1.5.1",
      "resolved": "https://registry.npmjs.org/q/-/q-1.5.1.tgz",
      "integrity": "sha1-fjL3W0E4EpHQRhHxvxQQmsAGUdc=",
      "engines": {
        "node": ">=0.6.0",
        "teleport": ">=0.2.0"
      }
    },
    "node_modules/querystring": {
      "version": "0.2.1",
      "resolved": "https://registry.npmjs.org/querystring/-/querystring-0.2.1.tgz",
      "integrity": "sha512-wkvS7mL/JMugcup3/rMitHmd9ecIGd2lhFhK9N3UUQ450h66d1r3Y9nvXzQAW1Lq+wyx61k/1pfKS5KuKiyEbg==",
      "deprecated": "The querystring API is considered Legacy. new code should use the URLSearchParams API instead.",
      "engines": {
        "node": ">=0.4.x"
      }
    },
    "node_modules/sqlite": {
      "version": "4.0.23",
      "resolved": "https://registry.npmjs.org/sqlite/-/sqlite-4.0.23.tgz",
      "integrity": "sha512-dSdmSkrdIhUL7xP/fiEMfFuAo4dxb0afag3rK8T4Y9lYxE3g3fXT0J8H9qSFvmcKxnM0zEA8yvLbpdWQ8mom3g=="
    },
    "node_modules/xcall": {
      "version": "1.0.4",
      "resolved": "https://registry.npmjs.org/xcall/-/xcall-1.0.4.tgz",
      "integrity": "sha512-EzC+czGXM5nvGltoNXn7mh1+zVMK3UIkUvaljVz1M1REdEwd5nwUTRWmBJGdSoX8vs+z6LiczJE8K9GU6KxsDw==",
      "dependencies": {
        "promised-exec": "^1.0.1",
        "querystring": "^0.2.0"
      }
    }
  },
  "dependencies": {
    "applescript": {
      "version": "1.0.0",
      "resolved": "https://registry.npmjs.org/applescript/-/applescript-1.0.0.tgz",
      "integrity": "sha1-u4evVoytA0pOSMS9r2Bno6JwExc="
    },
    "promised-exec": {
      "version": "1.0.1",
      "resolved": "https://registry.npmjs.org/promised-exec/-/promised-exec-1.0.1.tgz",
      "integrity": "sha1-UKEVhXmKyzuG+2E+EDYTMzowlQo=",
      "requires": {
        "q": "^1.1.2"
      }
    },
    "q": {
      "version": "1.5.1",
      "resolved": "https://registry.npmjs.org/q/-/q-1.5.1.tgz",
      "integrity": "sha1-fjL3W0E4EpHQRhHxvxQQmsAGUdc="
    },
    "querystring": {
      "version": "0.2.1",
      "resolved": "https://registry.npmjs.org/querystring/-/querystring-0.2.1.tgz",
      "integrity": "sha512-wkvS7mL/JMugcup3/rMitHmd9ecIGd2lhFhK9N3UUQ450h66d1r3Y9nvXzQAW1Lq+wyx61k/1pfKS5KuKiyEbg=="
    },
    "sqlite": {
      "version": "4.0.23",
      "resolved": "https://registry.npmjs.org/sqlite/-/sqlite-4.0.23.tgz",
      "integrity": "sha512-dSdmSkrdIhUL7xP/fiEMfFuAo4dxb0afag3rK8T4Y9lYxE3g3fXT0J8H9qSFvmcKxnM0zEA8yvLbpdWQ8mom3g=="
    },
    "xcall": {
      "version": "1.0.4",
      "resolved": "https://registry.npmjs.org/xcall/-/xcall-1.0.4.tgz",
      "integrity": "sha512-EzC+czGXM5nvGltoNXn7mh1+zVMK3UIkUvaljVz1M1REdEwd5nwUTRWmBJGdSoX8vs+z6LiczJE8K9GU6KxsDw==",
      "requires": {
        "promised-exec": "^1.0.1",
        "querystring": "^0.2.0"
      }
    }
  }
}
